// !$*UTF8*$!
{
	archiveVersion = 1;
	classes = {
	};
	objectVersion = 56;
	objects = {

/* Begin PBXBuildFile section */
		156448AB2B3019F600F6A4F0 /* FatchApiAppApp.swift in Sources */ = {isa = PBXBuildFile; fileRef = 156448AA2B3019F600F6A4F0 /* FatchApiAppApp.swift */; };
		156448AD2B3019F600F6A4F0 /* MoviesView.swift in Sources */ = {isa = PBXBuildFile; fileRef = 156448AC2B3019F600F6A4F0 /* MoviesView.swift */; };
		156448AF2B3019FB00F6A4F0 /* Assets.xcassets in Resources */ = {isa = PBXBuildFile; fileRef = 156448AE2B3019FB00F6A4F0 /* Assets.xcassets */; };
		156448B22B3019FB00F6A4F0 /* Preview Assets.xcassets in Resources */ = {isa = PBXBuildFile; fileRef = 156448B12B3019FB00F6A4F0 /* Preview Assets.xcassets */; };
		156448B92B302AC300F6A4F0 /* Movie.swift in Sources */ = {isa = PBXBuildFile; fileRef = 156448B82B302AC200F6A4F0 /* Movie.swift */; };
		156448BF2B312C3000F6A4F0 /* MovieService.swift in Sources */ = {isa = PBXBuildFile; fileRef = 156448BE2B312C3000F6A4F0 /* MovieService.swift */; };
		156448C12B31414100F6A4F0 /* Secret.swift in Sources */ = {isa = PBXBuildFile; fileRef = 156448C02B31414100F6A4F0 /* Secret.swift */; };
		156448C42B31509800F6A4F0 /* MoviesViewModel.swift in Sources */ = {isa = PBXBuildFile; fileRef = 156448C32B31509800F6A4F0 /* MoviesViewModel.swift */; };
		1588C0E82B3397CA005EE25F /* CastService.swift in Sources */ = {isa = PBXBuildFile; fileRef = 1588C0E72B3397CA005EE25F /* CastService.swift */; };
		1588C0EA2B339801005EE25F /* MovieCastMember.swift in Sources */ = {isa = PBXBuildFile; fileRef = 1588C0E92B339801005EE25F /* MovieCastMember.swift */; };
		1588C0EC2B3399EF005EE25F /* MovieDetailsView.swift in Sources */ = {isa = PBXBuildFile; fileRef = 1588C0EB2B3399EF005EE25F /* MovieDetailsView.swift */; };
/* End PBXBuildFile section */

/* Begin PBXFileReference section */
		156448A72B3019F600F6A4F0 /* FatchApiApp.app */ = {isa = PBXFileReference; explicitFileType = wrapper.application; includeInIndex = 0; path = FatchApiApp.app; sourceTree = BUILT_PRODUCTS_DIR; };
		156448AA2B3019F600F6A4F0 /* FatchApiAppApp.swift */ = {isa = PBXFileReference; lastKnownFileType = sourcecode.swift; path = FatchApiAppApp.swift; sourceTree = "<group>"; };
		156448AC2B3019F600F6A4F0 /* MoviesView.swift */ = {isa = PBXFileReference; lastKnownFileType = sourcecode.swift; path = MoviesView.swift; sourceTree = "<group>"; };
		156448AE2B3019FB00F6A4F0 /* Assets.xcassets */ = {isa = PBXFileReference; lastKnownFileType = folder.assetcatalog; path = Assets.xcassets; sourceTree = "<group>"; };
		156448B12B3019FB00F6A4F0 /* Preview Assets.xcassets */ = {isa = PBXFileReference; lastKnownFileType = folder.assetcatalog; path = "Preview Assets.xcassets"; sourceTree = "<group>"; };
		156448B82B302AC200F6A4F0 /* Movie.swift */ = {isa = PBXFileReference; lastKnownFileType = sourcecode.swift; path = Movie.swift; sourceTree = "<group>"; };
		156448BE2B312C3000F6A4F0 /* MovieService.swift */ = {isa = PBXFileReference; lastKnownFileType = sourcecode.swift; path = MovieService.swift; sourceTree = "<group>"; };
		156448C02B31414100F6A4F0 /* Secret.swift */ = {isa = PBXFileReference; lastKnownFileType = sourcecode.swift; path = Secret.swift; sourceTree = "<group>"; };
		156448C32B31509800F6A4F0 /* MoviesViewModel.swift */ = {isa = PBXFileReference; lastKnownFileType = sourcecode.swift; path = MoviesViewModel.swift; sourceTree = "<group>"; };
		1588C0E72B3397CA005EE25F /* CastService.swift */ = {isa = PBXFileReference; lastKnownFileType = sourcecode.swift; path = CastService.swift; sourceTree = "<group>"; };
		1588C0E92B339801005EE25F /* MovieCastMember.swift */ = {isa = PBXFileReference; lastKnownFileType = sourcecode.swift; path = MovieCastMember.swift; sourceTree = "<group>"; };
		1588C0EB2B3399EF005EE25F /* MovieDetailsView.swift */ = {isa = PBXFileReference; lastKnownFileType = sourcecode.swift; path = MovieDetailsView.swift; sourceTree = "<group>"; };
/* End PBXFileReference section */

/* Begin PBXFrameworksBuildPhase section */
		156448A42B3019F600F6A4F0 /* Frameworks */ = {
			isa = PBXFrameworksBuildPhase;
			buildActionMask = 2147483647;
			files = (
			);
			runOnlyForDeploymentPostprocessing = 0;
		};
/* End PBXFrameworksBuildPhase section */

/* Begin PBXGroup section */
		1564489E2B3019F600F6A4F0 = {
			isa = PBXGroup;
			children = (
				156448A92B3019F600F6A4F0 /* FatchApiApp */,
				156448A82B3019F600F6A4F0 /* Products */,
			);
			sourceTree = "<group>";
		};
		156448A82B3019F600F6A4F0 /* Products */ = {
			isa = PBXGroup;
			children = (
				156448A72B3019F600F6A4F0 /* FatchApiApp.app */,
			);
			name = Products;
			sourceTree = "<group>";
		};
		156448A92B3019F600F6A4F0 /* FatchApiApp */ = {
			isa = PBXGroup;
			children = (
				156448AA2B3019F600F6A4F0 /* FatchApiAppApp.swift */,
				156448C02B31414100F6A4F0 /* Secret.swift */,
				156448BD2B30824400F6A4F0 /* Service */,
				156448BB2B307F9B00F6A4F0 /* View */,
				156448BC2B307FBE00F6A4F0 /* Model */,
				156448C22B31502900F6A4F0 /* ViewModel */,
				156448AE2B3019FB00F6A4F0 /* Assets.xcassets */,
				156448B02B3019FB00F6A4F0 /* Preview Content */,
			);
			path = FatchApiApp;
			sourceTree = "<group>";
		};
		156448B02B3019FB00F6A4F0 /* Preview Content */ = {
			isa = PBXGroup;
			children = (
				156448B12B3019FB00F6A4F0 /* Preview Assets.xcassets */,
			);
			path = "Preview Content";
			sourceTree = "<group>";
		};
		156448BB2B307F9B00F6A4F0 /* View */ = {
			isa = PBXGroup;
			children = (
				156448AC2B3019F600F6A4F0 /* MoviesView.swift */,
				1588C0EB2B3399EF005EE25F /* MovieDetailsView.swift */,
			);
			path = View;
			sourceTree = "<group>";
		};
		156448BC2B307FBE00F6A4F0 /* Model */ = {
			isa = PBXGroup;
			children = (
				1588C0E92B339801005EE25F /* MovieCastMember.swift */,
				156448B82B302AC200F6A4F0 /* Movie.swift */,
			);
			path = Model;
			sourceTree = "<group>";
		};
		156448BD2B30824400F6A4F0 /* Service */ = {
			isa = PBXGroup;
			children = (
				156448BE2B312C3000F6A4F0 /* MovieService.swift */,
				1588C0E72B3397CA005EE25F /* CastService.swift */,
			);
			path = Service;
			sourceTree = "<group>";
		};
		156448C22B31502900F6A4F0 /* ViewModel */ = {
			isa = PBXGroup;
			children = (
				156448C32B31509800F6A4F0 /* MoviesViewModel.swift */,
			);
			path = ViewModel;
			sourceTree = "<group>";
		};
/* End PBXGroup section */

/* Begin PBXNativeTarget section */
		156448A62B3019F600F6A4F0 /* FatchApiApp */ = {
			isa = PBXNativeTarget;
			buildConfigurationList = 156448B52B3019FB00F6A4F0 /* Build configuration list for PBXNativeTarget "FatchApiApp" */;
			buildPhases = (
				156448A32B3019F600F6A4F0 /* Sources */,
				156448A42B3019F600F6A4F0 /* Frameworks */,
				156448A52B3019F600F6A4F0 /* Resources */,
			);
			buildRules = (
			);
			dependencies = (
			);
			name = FatchApiApp;
			productName = FatchApiApp;
			productReference = 156448A72B3019F600F6A4F0 /* FatchApiApp.app */;
			productType = "com.apple.product-type.application";
		};
/* End PBXNativeTarget section */

/* Begin PBXProject section */
		1564489F2B3019F600F6A4F0 /* Project object */ = {
			isa = PBXProject;
			attributes = {
				BuildIndependentTargetsInParallel = 1;
				LastSwiftUpdateCheck = 1420;
				LastUpgradeCheck = 1420;
				TargetAttributes = {
					156448A62B3019F600F6A4F0 = {
						CreatedOnToolsVersion = 14.2;
					};
				};
			};
			buildConfigurationList = 156448A22B3019F600F6A4F0 /* Build configuration list for PBXProject "FatchApiApp" */;
			compatibilityVersion = "Xcode 14.0";
			developmentRegion = en;
			hasScannedForEncodings = 0;
			knownRegions = (
				en,
				Base,
			);
			mainGroup = 1564489E2B3019F600F6A4F0;
			productRefGroup = 156448A82B3019F600F6A4F0 /* Products */;
			projectDirPath = "";
			projectRoot = "";
			targets = (
				156448A62B3019F600F6A4F0 /* FatchApiApp */,
			);
		};
/* End PBXProject section */

/* Begin PBXResourcesBuildPhase section */
		156448A52B3019F600F6A4F0 /* Resources */ = {
			isa = PBXResourcesBuildPhase;
			buildActionMask = 2147483647;
			files = (
				156448B22B3019FB00F6A4F0 /* Preview Assets.xcassets in Resources */,
				156448AF2B3019FB00F6A4F0 /* Assets.xcassets in Resources */,
			);
			runOnlyForDeploymentPostprocessing = 0;
		};
/* End PBXResourcesBuildPhase section */

/* Begin PBXSourcesBuildPhase section */
		156448A32B3019F600F6A4F0 /* Sources */ = {
			isa = PBXSourcesBuildPhase;
			buildActionMask = 2147483647;
			files = (
				156448AD2B3019F600F6A4F0 /* MoviesView.swift in Sources */,
				156448C42B31509800F6A4F0 /* MoviesViewModel.swift in Sources */,
				156448C12B31414100F6A4F0 /* Secret.swift in Sources */,
				1588C0EA2B339801005EE25F /* MovieCastMember.swift in Sources */,
				156448AB2B3019F600F6A4F0 /* FatchApiAppApp.swift in Sources */,
				156448BF2B312C3000F6A4F0 /* MovieService.swift in Sources */,
				1588C0EC2B3399EF005EE25F /* MovieDetailsView.swift in Sources */,
				1588C0E82B3397CA005EE25F /* CastService.swift in Sources */,
				156448B92B302AC300F6A4F0 /* Movie.swift in Sources */,
			);
			runOnlyForDeploymentPostprocessing = 0;
		};
/* End PBXSourcesBuildPhase section */

/* Begin XCBuildConfiguration section */
		156448B32B3019FB00F6A4F0 /* Debug */ = {
			isa = XCBuildConfiguration;
			buildSettings = {
				ALWAYS_SEARCH_USER_PATHS = NO;
				CLANG_ANALYZER_NONNULL = YES;
				CLANG_ANALYZER_NUMBER_OBJECT_CONVERSION = YES_AGGRESSIVE;
				CLANG_CXX_LANGUAGE_STANDARD = "gnu++20";
				CLANG_ENABLE_MODULES = YES;
				CLANG_ENABLE_OBJC_ARC = YES;
				CLANG_ENABLE_OBJC_WEAK = YES;
				CLANG_WARN_BLOCK_CAPTURE_AUTORELEASING = YES;
				CLANG_WARN_BOOL_CONVERSION = YES;
				CLANG_WARN_COMMA = YES;
				CLANG_WARN_CONSTANT_CONVERSION = YES;
				CLANG_WARN_DEPRECATED_OBJC_IMPLEMENTATIONS = YES;
				CLANG_WARN_DIRECT_OBJC_ISA_USAGE = YES_ERROR;
				CLANG_WARN_DOCUMENTATION_COMMENTS = YES;
				CLANG_WARN_EMPTY_BODY = YES;
				CLANG_WARN_ENUM_CONVERSION = YES;
				CLANG_WARN_INFINITE_RECURSION = YES;
				CLANG_WARN_INT_CONVERSION = YES;
				CLANG_WARN_NON_LITERAL_NULL_CONVERSION = YES;
				CLANG_WARN_OBJC_IMPLICIT_RETAIN_SELF = YES;
				CLANG_WARN_OBJC_LITERAL_CONVERSION = YES;
				CLANG_WARN_OBJC_ROOT_CLASS = YES_ERROR;
				CLANG_WARN_QUOTED_INCLUDE_IN_FRAMEWORK_HEADER = YES;
				CLANG_WARN_RANGE_LOOP_ANALYSIS = YES;
				CLANG_WARN_STRICT_PROTOTYPES = YES;
				CLANG_WARN_SUSPICIOUS_MOVE = YES;
				CLANG_WARN_UNGUARDED_AVAILABILITY = YES_AGGRESSIVE;
				CLANG_WARN_UNREACHABLE_CODE = YES;
				CLANG_WARN__DUPLICATE_METHOD_MATCH = YES;
				COPY_PHASE_STRIP = NO;
				DEBUG_INFORMATION_FORMAT = dwarf;
				ENABLE_STRICT_OBJC_MSGSEND = YES;
				ENABLE_TESTABILITY = YES;
				GCC_C_LANGUAGE_STANDARD = gnu11;
				GCC_DYNAMIC_NO_PIC = NO;
				GCC_NO_COMMON_BLOCKS = YES;
				GCC_OPTIMIZATION_LEVEL = 0;
				GCC_PREPROCESSOR_DEFINITIONS = (
					"DEBUG=1",
					"$(inherited)",
				);
				GCC_WARN_64_TO_32_BIT_CONVERSION = YES;
				GCC_WARN_ABOUT_RETURN_TYPE = YES_ERROR;
				GCC_WARN_UNDECLARED_SELECTOR = YES;
				GCC_WARN_UNINITIALIZED_AUTOS = YES_AGGRESSIVE;
				GCC_WARN_UNUSED_FUNCTION = YES;
				GCC_WARN_UNUSED_VARIABLE = YES;
				IPHONEOS_DEPLOYMENT_TARGET = 16.2;
				MTL_ENABLE_DEBUG_INFO = INCLUDE_SOURCE;
				MTL_FAST_MATH = YES;
				ONLY_ACTIVE_ARCH = YES;
				SDKROOT = iphoneos;
				SWIFT_ACTIVE_COMPILATION_CONDITIONS = DEBUG;
				SWIFT_OPTIMIZATION_LEVEL = "-Onone";
			};
			name = Debug;
		};
		156448B42B3019FB00F6A4F0 /* Release */ = {
			isa = XCBuildConfiguration;
			buildSettings = {
				ALWAYS_SEARCH_USER_PATHS = NO;
				CLANG_ANALYZER_NONNULL = YES;
				CLANG_ANALYZER_NUMBER_OBJECT_CONVERSION = YES_AGGRESSIVE;
				CLANG_CXX_LANGUAGE_STANDARD = "gnu++20";
				CLANG_ENABLE_MODULES = YES;
				CLANG_ENABLE_OBJC_ARC = YES;
				CLANG_ENABLE_OBJC_WEAK = YES;
				CLANG_WARN_BLOCK_CAPTURE_AUTORELEASING = YES;
				CLANG_WARN_BOOL_CONVERSION = YES;
				CLANG_WARN_COMMA = YES;
				CLANG_WARN_CONSTANT_CONVERSION = YES;
				CLANG_WARN_DEPRECATED_OBJC_IMPLEMENTATIONS = YES;
				CLANG_WARN_DIRECT_OBJC_ISA_USAGE = YES_ERROR;
				CLANG_WARN_DOCUMENTATION_COMMENTS = YES;
				CLANG_WARN_EMPTY_BODY = YES;
				CLANG_WARN_ENUM_CONVERSION = YES;
				CLANG_WARN_INFINITE_RECURSION = YES;
				CLANG_WARN_INT_CONVERSION = YES;
				CLANG_WARN_NON_LITERAL_NULL_CONVERSION = YES;
				CLANG_WARN_OBJC_IMPLICIT_RETAIN_SELF = YES;
				CLANG_WARN_OBJC_LITERAL_CONVERSION = YES;
				CLANG_WARN_OBJC_ROOT_CLASS = YES_ERROR;
				CLANG_WARN_QUOTED_INCLUDE_IN_FRAMEWORK_HEADER = YES;
				CLANG_WARN_RANGE_LOOP_ANALYSIS = YES;
				CLANG_WARN_STRICT_PROTOTYPES = YES;
				CLANG_WARN_SUSPICIOUS_MOVE = YES;
				CLANG_WARN_UNGUARDED_AVAILABILITY = YES_AGGRESSIVE;
				CLANG_WARN_UNREACHABLE_CODE = YES;
				CLANG_WARN__DUPLICATE_METHOD_MATCH = YES;
				COPY_PHASE_STRIP = NO;
				DEBUG_INFORMATION_FORMAT = "dwarf-with-dsym";
				ENABLE_NS_ASSERTIONS = NO;
				ENABLE_STRICT_OBJC_MSGSEND = YES;
				GCC_C_LANGUAGE_STANDARD = gnu11;
				GCC_NO_COMMON_BLOCKS = YES;
				GCC_WARN_64_TO_32_BIT_CONVERSION = YES;
				GCC_WARN_ABOUT_RETURN_TYPE = YES_ERROR;
				GCC_WARN_UNDECLARED_SELECTOR = YES;
				GCC_WARN_UNINITIALIZED_AUTOS = YES_AGGRESSIVE;
				GCC_WARN_UNUSED_FUNCTION = YES;
				GCC_WARN_UNUSED_VARIABLE = YES;
				IPHONEOS_DEPLOYMENT_TARGET = 16.2;
				MTL_ENABLE_DEBUG_INFO = NO;
				MTL_FAST_MATH = YES;
				SDKROOT = iphoneos;
				SWIFT_COMPILATION_MODE = wholemodule;
				SWIFT_OPTIMIZATION_LEVEL = "-O";
				VALIDATE_PRODUCT = YES;
			};
			name = Release;
		};
		156448B62B3019FB00F6A4F0 /* Debug */ = {
			isa = XCBuildConfiguration;
			buildSettings = {
				ASSETCATALOG_COMPILER_APPICON_NAME = AppIcon;
				ASSETCATALOG_COMPILER_GLOBAL_ACCENT_COLOR_NAME = AccentColor;
				CODE_SIGN_STYLE = Automatic;
				CURRENT_PROJECT_VERSION = 1;
				DEVELOPMENT_ASSET_PATHS = "\"FatchApiApp/Preview Content\"";
				DEVELOPMENT_TEAM = K3437KT9Z2;
				ENABLE_PREVIEWS = YES;
				GENERATE_INFOPLIST_FILE = YES;
				INFOPLIST_KEY_UIApplicationSceneManifest_Generation = YES;
				INFOPLIST_KEY_UIApplicationSupportsIndirectInputEvents = YES;
				INFOPLIST_KEY_UILaunchScreen_Generation = YES;
				INFOPLIST_KEY_UISupportedInterfaceOrientations_iPad = "UIInterfaceOrientationPortrait UIInterfaceOrientationPortraitUpsideDown UIInterfaceOrientationLandscapeLeft UIInterfaceOrientationLandscapeRight";
				INFOPLIST_KEY_UISupportedInterfaceOrientations_iPhone = "UIInterfaceOrientationPortrait UIInterfaceOrientationLandscapeLeft UIInterfaceOrientationLandscapeRight";
				LD_RUNPATH_SEARCH_PATHS = (
					"$(inherited)",
					"@executable_path/Frameworks",
				);
				MARKETING_VERSION = 1.0;
				PRODUCT_BUNDLE_IDENTIFIER = henda.FatchApiApp;
				PRODUCT_NAME = "$(TARGET_NAME)";
				SWIFT_EMIT_LOC_STRINGS = YES;
				SWIFT_VERSION = 5.0;
				TARGETED_DEVICE_FAMILY = "1,2";
			};
			name = Debug;
		};
		156448B72B3019FB00F6A4F0 /* Release */ = {
			isa = XCBuildConfiguration;
			buildSettings = {
				ASSETCATALOG_COMPILER_APPICON_NAME = AppIcon;
				ASSETCATALOG_COMPILER_GLOBAL_ACCENT_COLOR_NAME = AccentColor;
				CODE_SIGN_STYLE = Automatic;
				CURRENT_PROJECT_VERSION = 1;
				DEVELOPMENT_ASSET_PATHS = "\"FatchApiApp/Preview Content\"";
				DEVELOPMENT_TEAM = K3437KT9Z2;
				ENABLE_PREVIEWS = YES;
				GENERATE_INFOPLIST_FILE = YES;
				INFOPLIST_KEY_UIApplicationSceneManifest_Generation = YES;
				INFOPLIST_KEY_UIApplicationSupportsIndirectInputEvents = YES;
				INFOPLIST_KEY_UILaunchScreen_Generation = YES;
				INFOPLIST_KEY_UISupportedInterfaceOrientations_iPad = "UIInterfaceOrientationPortrait UIInterfaceOrientationPortraitUpsideDown UIInterfaceOrientationLandscapeLeft UIInterfaceOrientationLandscapeRight";
				INFOPLIST_KEY_UISupportedInterfaceOrientations_iPhone = "UIInterfaceOrientationPortrait UIInterfaceOrientationLandscapeLeft UIInterfaceOrientationLandscapeRight";
				LD_RUNPATH_SEARCH_PATHS = (
					"$(inherited)",
					"@executable_path/Frameworks",
				);
				MARKETING_VERSION = 1.0;
				PRODUCT_BUNDLE_IDENTIFIER = henda.FatchApiApp;
				PRODUCT_NAME = "$(TARGET_NAME)";
				SWIFT_EMIT_LOC_STRINGS = YES;
				SWIFT_VERSION = 5.0;
				TARGETED_DEVICE_FAMILY = "1,2";
			};
			name = Release;
		};
/* End XCBuildConfiguration section */

/* Begin XCConfigurationList section */
		156448A22B3019F600F6A4F0 /* Build configuration list for PBXProject "FatchApiApp" */ = {
			isa = XCConfigurationList;
			buildConfigurations = (
				156448B32B3019FB00F6A4F0 /* Debug */,
				156448B42B3019FB00F6A4F0 /* Release */,
			);
			defaultConfigurationIsVisible = 0;
			defaultConfigurationName = Release;
		};
		156448B52B3019FB00F6A4F0 /* Build configuration list for PBXNativeTarget "FatchApiApp" */ = {
			isa = XCConfigurationList;
			buildConfigurations = (
				156448B62B3019FB00F6A4F0 /* Debug */,
				156448B72B3019FB00F6A4F0 /* Release */,
			);
			defaultConfigurationIsVisible = 0;
			defaultConfigurationName = Release;
		};
/* End XCConfigurationList section */
	};
	rootObject = 1564489F2B3019F600F6A4F0 /* Project object */;
}
